
Microsoft Visual Studio Solution File, Format Version 12.00
# Visual Studio Version 17
VisualStudioVersion = 17.5.002.0
MinimumVisualStudioVersion = 10.0.40219.1
Project("{2150E333-8FDC-42A3-9474-1A3956D46DE8}") = "csharp-prep", "csharp-prep", "{95340DC2-7C05-46B7-998E-850EF420AD18}"
EndProject
Project("{9A19103F-16F7-4668-BE54-9A1E7A4F7556}") = "Prep1", "csharp-prep\Prep1\Prep1.csproj", "{8C8B9CF8-D16C-4C75-9A7D-EE181719163D}"
EndProject
Project("{9A19103F-16F7-4668-BE54-9A1E7A4F7556}") = "Prep2", "csharp-prep\Prep2\Prep2.csproj", "{1A8C6A6C-B784-4BF6-8490-E737BBA64EB4}"
EndProject
Project("{9A19103F-16F7-4668-BE54-9A1E7A4F7556}") = "Prep3", "csharp-prep\Prep3\Prep3.csproj", "{7F27E678-6A27-49BB-AE6B-C3EDAFDF74B7}"
EndProject
Project("{9A19103F-16F7-4668-BE54-9A1E7A4F7556}") = "Prep4", "csharp-prep\Prep4\Prep4.csproj", "{642A953B-EE0A-4FCF-9E39-70BB8FFD8963}"
EndProject
Project("{9A19103F-16F7-4668-BE54-9A1E7A4F7556}") = "Prep5", "csharp-prep\Prep5\Prep5.csproj", "{C395A765-D364-450A-A58E-4AD59C59F5E3}"
EndProject
Project("{2150E333-8FDC-42A3-9474-1A3956D46DE8}") = "final", "final", "{E43B3796-99CD-487B-8132-B23EF098B904}"
EndProject
Project("{9A19103F-16F7-4668-BE54-9A1E7A4F7556}") = "FinalProject", "final\FinalProject\FinalProject.csproj", "{918AFC51-4F30-4870-8C77-64C79C65C3E8}"
EndProject
Project("{9A19103F-16F7-4668-BE54-9A1E7A4F7556}") = "Foundation1", "final\Foundation1\Foundation1.csproj", "{A5E5CA3A-4998-48D1-AFD1-E22CED6EFCFB}"
EndProject
Project("{9A19103F-16F7-4668-BE54-9A1E7A4F7556}") = "Foundation2", "final\Foundation2\Foundation2.csproj", "{5CB63D24-904D-4CDD-A1C4-209DF009793C}"
EndProject
Project("{9A19103F-16F7-4668-BE54-9A1E7A4F7556}") = "Foundation3", "final\Foundation3\Foundation3.csproj", "{34189D3F-1F55-409F-801D-89FCF6747269}"
EndProject
Project("{9A19103F-16F7-4668-BE54-9A1E7A4F7556}") = "Foundation4", "final\Foundation4\Foundation4.csproj", "{BE94D2E9-495E-482C-A24A-C819ED9E8050}"
EndProject
Project("{2150E333-8FDC-42A3-9474-1A3956D46DE8}") = "prepare", "prepare", "{EFEEC4D7-5015-4654-BF27-4582E52BFB92}"
EndProject
Project("{9A19103F-16F7-4668-BE54-9A1E7A4F7556}") = "Learning02", "prepare\Learning02\Learning02.csproj", "{D9D165BA-32AB-49B3-9B95-EB59713A76F1}"
EndProject
Project("{9A19103F-16F7-4668-BE54-9A1E7A4F7556}") = "Learning03", "prepare\Learning03\Learning03.csproj", "{8800CC3A-A57F-411D-BD2D-A85025BA5DD5}"
EndProject
Project("{9A19103F-16F7-4668-BE54-9A1E7A4F7556}") = "Learning04", "prepare\Learning04\Learning04.csproj", "{69BA2427-E07A-4880-94F5-18E40577F737}"
EndProject
Project("{9A19103F-16F7-4668-BE54-9A1E7A4F7556}") = "Learning05", "prepare\Learning05\Learning05.csproj", "{6DF1F9B5-F75B-4F53-8F47-5764EAB17876}"
EndProject
Project("{2150E333-8FDC-42A3-9474-1A3956D46DE8}") = "prove", "prove", "{A47D59CC-0268-4385-8896-CE89E5357038}"
EndProject
Project("{9A19103F-16F7-4668-BE54-9A1E7A4F7556}") = "Develop02", "prove\Develop02\Develop02.csproj", "{F8AE3E9B-CDB2-40F4-8982-17B93A411BEF}"
EndProject
Project("{9A19103F-16F7-4668-BE54-9A1E7A4F7556}") = "Develop03", "prove\Develop03\Develop03.csproj", "{7C954FBC-050D-4FE7-83EB-D176D36C57E1}"
EndProject
Project("{9A19103F-16F7-4668-BE54-9A1E7A4F7556}") = "Develop04", "prove\Develop04\Develop04.csproj", "{EF575623-E8FB-47EE-8E7E-076D00A95A73}"
EndProject
Project("{9A19103F-16F7-4668-BE54-9A1E7A4F7556}") = "Develop05", "prove\Develop05\Develop05.csproj", "{D6852D06-9E58-472F-9BE3-02B4EF6C7156}"
EndProject
Project("{2150E333-8FDC-42A3-9474-1A3956D46DE8}") = "sandbox", "sandbox", "{F05ABEC9-FAF4-4F4B-B8EF-98B237BB26E8}"
EndProject
Project("{9A19103F-16F7-4668-BE54-9A1E7A4F7556}") = "Sandbox", "sandbox\Sandbox\Sandbox.csproj", "{64B5AE55-2AFE-41D2-AB17-C53AC513F722}"
EndProject
Global
	GlobalSection(SolutionConfigurationPlatforms) = preSolution
		Debug|Any CPU = Debug|Any CPU
		Release|Any CPU = Release|Any CPU
	EndGlobalSection
	GlobalSection(ProjectConfigurationPlatforms) = postSolution
		{8C8B9CF8-D16C-4C75-9A7D-EE181719163D}.Debug|Any CPU.ActiveCfg = Debug|Any CPU
		{8C8B9CF8-D16C-4C75-9A7D-EE181719163D}.Debug|Any CPU.Build.0 = Debug|Any CPU
		{8C8B9CF8-D16C-4C75-9A7D-EE181719163D}.Release|Any CPU.ActiveCfg = Release|Any CPU
		{8C8B9CF8-D16C-4C75-9A7D-EE181719163D}.Release|Any CPU.Build.0 = Release|Any CPU
		{1A8C6A6C-B784-4BF6-8490-E737BBA64EB4}.Debug|Any CPU.ActiveCfg = Debug|Any CPU
		{1A8C6A6C-B784-4BF6-8490-E737BBA64EB4}.Debug|Any CPU.Build.0 = Debug|Any CPU
		{1A8C6A6C-B784-4BF6-8490-E737BBA64EB4}.Release|Any CPU.ActiveCfg = Release|Any CPU
		{1A8C6A6C-B784-4BF6-8490-E737BBA64EB4}.Release|Any CPU.Build.0 = Release|Any CPU
		{7F27E678-6A27-49BB-AE6B-C3EDAFDF74B7}.Debug|Any CPU.ActiveCfg = Debug|Any CPU
		{7F27E678-6A27-49BB-AE6B-C3EDAFDF74B7}.Debug|Any CPU.Build.0 = Debug|Any CPU
		{7F27E678-6A27-49BB-AE6B-C3EDAFDF74B7}.Release|Any CPU.ActiveCfg = Release|Any CPU
		{7F27E678-6A27-49BB-AE6B-C3EDAFDF74B7}.Release|Any CPU.Build.0 = Release|Any CPU
		{642A953B-EE0A-4FCF-9E39-70BB8FFD8963}.Debug|Any CPU.ActiveCfg = Debug|Any CPU
		{642A953B-EE0A-4FCF-9E39-70BB8FFD8963}.Debug|Any CPU.Build.0 = Debug|Any CPU
		{642A953B-EE0A-4FCF-9E39-70BB8FFD8963}.Release|Any CPU.ActiveCfg = Release|Any CPU
		{642A953B-EE0A-4FCF-9E39-70BB8FFD8963}.Release|Any CPU.Build.0 = Release|Any CPU
		{C395A765-D364-450A-A58E-4AD59C59F5E3}.Debug|Any CPU.ActiveCfg = Debug|Any CPU
		{C395A765-D364-450A-A58E-4AD59C59F5E3}.Debug|Any CPU.Build.0 = Debug|Any CPU
		{C395A765-D364-450A-A58E-4AD59C59F5E3}.Release|Any CPU.ActiveCfg = Release|Any CPU
		{C395A765-D364-450A-A58E-4AD59C59F5E3}.Release|Any CPU.Build.0 = Release|Any CPU
		{918AFC51-4F30-4870-8C77-64C79C65C3E8}.Debug|Any CPU.ActiveCfg = Debug|Any CPU
		{918AFC51-4F30-4870-8C77-64C79C65C3E8}.Debug|Any CPU.Build.0 = Debug|Any CPU
		{918AFC51-4F30-4870-8C77-64C79C65C3E8}.Release|Any CPU.ActiveCfg = Release|Any CPU
		{918AFC51-4F30-4870-8C77-64C79C65C3E8}.Release|Any CPU.Build.0 = Release|Any CPU
		{A5E5CA3A-4998-48D1-AFD1-E22CED6EFCFB}.Debug|Any CPU.ActiveCfg = Debug|Any CPU
		{A5E5CA3A-4998-48D1-AFD1-E22CED6EFCFB}.Debug|Any CPU.Build.0 = Debug|Any CPU
		{A5E5CA3A-4998-48D1-AFD1-E22CED6EFCFB}.Release|Any CPU.ActiveCfg = Release|Any CPU
		{A5E5CA3A-4998-48D1-AFD1-E22CED6EFCFB}.Release|Any CPU.Build.0 = Release|Any CPU
		{5CB63D24-904D-4CDD-A1C4-209DF009793C}.Debug|Any CPU.ActiveCfg = Debug|Any CPU
		{5CB63D24-904D-4CDD-A1C4-209DF009793C}.Debug|Any CPU.Build.0 = Debug|Any CPU
		{5CB63D24-904D-4CDD-A1C4-209DF009793C}.Release|Any CPU.ActiveCfg = Release|Any CPU
		{5CB63D24-904D-4CDD-A1C4-209DF009793C}.Release|Any CPU.Build.0 = Release|Any CPU
		{34189D3F-1F55-409F-801D-89FCF6747269}.Debug|Any CPU.ActiveCfg = Debug|Any CPU
		{34189D3F-1F55-409F-801D-89FCF6747269}.Debug|Any CPU.Build.0 = Debug|Any CPU
		{34189D3F-1F55-409F-801D-89FCF6747269}.Release|Any CPU.ActiveCfg = Release|Any CPU
		{34189D3F-1F55-409F-801D-89FCF6747269}.Release|Any CPU.Build.0 = Release|Any CPU
		{BE94D2E9-495E-482C-A24A-C819ED9E8050}.Debug|Any CPU.ActiveCfg = Debug|Any CPU
		{BE94D2E9-495E-482C-A24A-C819ED9E8050}.Debug|Any CPU.Build.0 = Debug|Any CPU
		{BE94D2E9-495E-482C-A24A-C819ED9E8050}.Release|Any CPU.ActiveCfg = Release|Any CPU
		{BE94D2E9-495E-482C-A24A-C819ED9E8050}.Release|Any CPU.Build.0 = Release|Any CPU
		{D9D165BA-32AB-49B3-9B95-EB59713A76F1}.Debug|Any CPU.ActiveCfg = Debug|Any CPU
		{D9D165BA-32AB-49B3-9B95-EB59713A76F1}.Debug|Any CPU.Build.0 = Debug|Any CPU
		{D9D165BA-32AB-49B3-9B95-EB59713A76F1}.Release|Any CPU.ActiveCfg = Release|Any CPU
		{D9D165BA-32AB-49B3-9B95-EB59713A76F1}.Release|Any CPU.Build.0 = Release|Any CPU
		{8800CC3A-A57F-411D-BD2D-A85025BA5DD5}.Debug|Any CPU.ActiveCfg = Debug|Any CPU
		{8800CC3A-A57F-411D-BD2D-A85025BA5DD5}.Debug|Any CPU.Build.0 = Debug|Any CPU
		{8800CC3A-A57F-411D-BD2D-A85025BA5DD5}.Release|Any CPU.ActiveCfg = Release|Any CPU
		{8800CC3A-A57F-411D-BD2D-A85025BA5DD5}.Release|Any CPU.Build.0 = Release|Any CPU
		{69BA2427-E07A-4880-94F5-18E40577F737}.Debug|Any CPU.ActiveCfg = Debug|Any CPU
		{69BA2427-E07A-4880-94F5-18E40577F737}.Debug|Any CPU.Build.0 = Debug|Any CPU
		{69BA2427-E07A-4880-94F5-18E40577F737}.Release|Any CPU.ActiveCfg = Release|Any CPU
		{69BA2427-E07A-4880-94F5-18E40577F737}.Release|Any CPU.Build.0 = Release|Any CPU
		{6DF1F9B5-F75B-4F53-8F47-5764EAB17876}.Debug|Any CPU.ActiveCfg = Debug|Any CPU
		{6DF1F9B5-F75B-4F53-8F47-5764EAB17876}.Debug|Any CPU.Build.0 = Debug|Any CPU
		{6DF1F9B5-F75B-4F53-8F47-5764EAB17876}.Release|Any CPU.ActiveCfg = Release|Any CPU
		{6DF1F9B5-F75B-4F53-8F47-5764EAB17876}.Release|Any CPU.Build.0 = Release|Any CPU
		{F8AE3E9B-CDB2-40F4-8982-17B93A411BEF}.Debug|Any CPU.ActiveCfg = Debug|Any CPU
		{F8AE3E9B-CDB2-40F4-8982-17B93A411BEF}.Debug|Any CPU.Build.0 = Debug|Any CPU
		{F8AE3E9B-CDB2-40F4-8982-17B93A411BEF}.Release|Any CPU.ActiveCfg = Release|Any CPU
		{F8AE3E9B-CDB2-40F4-8982-17B93A411BEF}.Release|Any CPU.Build.0 = Release|Any CPU
		{7C954FBC-050D-4FE7-83EB-D176D36C57E1}.Debug|Any CPU.ActiveCfg = Debug|Any CPU
		{7C954FBC-050D-4FE7-83EB-D176D36C57E1}.Debug|Any CPU.Build.0 = Debug|Any CPU
		{7C954FBC-050D-4FE7-83EB-D176D36C57E1}.Release|Any CPU.ActiveCfg = Release|Any CPU
		{7C954FBC-050D-4FE7-83EB-D176D36C57E1}.Release|Any CPU.Build.0 = Release|Any CPU
		{EF575623-E8FB-47EE-8E7E-076D00A95A73}.Debug|Any CPU.ActiveCfg = Debug|Any CPU
		{EF575623-E8FB-47EE-8E7E-076D00A95A73}.Debug|Any CPU.Build.0 = Debug|Any CPU
		{EF575623-E8FB-47EE-8E7E-076D00A95A73}.Release|Any CPU.ActiveCfg = Release|Any CPU
		{EF575623-E8FB-47EE-8E7E-076D00A95A73}.Release|Any CPU.Build.0 = Release|Any CPU
		{D6852D06-9E58-472F-9BE3-02B4EF6C7156}.Debug|Any CPU.ActiveCfg = Debug|Any CPU
		{D6852D06-9E58-472F-9BE3-02B4EF6C7156}.Debug|Any CPU.Build.0 = Debug|Any CPU
		{D6852D06-9E58-472F-9BE3-02B4EF6C7156}.Release|Any CPU.ActiveCfg = Release|Any CPU
		{D6852D06-9E58-472F-9BE3-02B4EF6C7156}.Release|Any CPU.Build.0 = Release|Any CPU
		{64B5AE55-2AFE-41D2-AB17-C53AC513F722}.Debug|Any CPU.ActiveCfg = Debug|Any CPU
		{64B5AE55-2AFE-41D2-AB17-C53AC513F722}.Debug|Any CPU.Build.0 = Debug|Any CPU
		{64B5AE55-2AFE-41D2-AB17-C53AC513F722}.Release|Any CPU.ActiveCfg = Release|Any CPU
		{64B5AE55-2AFE-41D2-AB17-C53AC513F722}.Release|Any CPU.Build.0 = Release|Any CPU
	EndGlobalSection
	GlobalSection(SolutionProperties) = preSolution
		HideSolutionNode = FALSE
	EndGlobalSection
	GlobalSection(NestedProjects) = preSolution
		{8C8B9CF8-D16C-4C75-9A7D-EE181719163D} = {95340DC2-7C05-46B7-998E-850EF420AD18}
		{1A8C6A6C-B784-4BF6-8490-E737BBA64EB4} = {95340DC2-7C05-46B7-998E-850EF420AD18}
		{7F27E678-6A27-49BB-AE6B-C3EDAFDF74B7} = {95340DC2-7C05-46B7-998E-850EF420AD18}
		{642A953B-EE0A-4FCF-9E39-70BB8FFD8963} = {95340DC2-7C05-46B7-998E-850EF420AD18}
		{C395A765-D364-450A-A58E-4AD59C59F5E3} = {95340DC2-7C05-46B7-998E-850EF420AD18}
		{918AFC51-4F30-4870-8C77-64C79C65C3E8} = {E43B3796-99CD-487B-8132-B23EF098B904}
		{A5E5CA3A-4998-48D1-AFD1-E22CED6EFCFB} = {E43B3796-99CD-487B-8132-B23EF098B904}
		{5CB63D24-904D-4CDD-A1C4-209DF009793C} = {E43B3796-99CD-487B-8132-B23EF098B904}
		{34189D3F-1F55-409F-801D-89FCF6747269} = {E43B3796-99CD-487B-8132-B23EF098B904}
		{BE94D2E9-495E-482C-A24A-C819ED9E8050} = {E43B3796-99CD-487B-8132-B23EF098B904}
		{D9D165BA-32AB-49B3-9B95-EB59713A76F1} = {EFEEC4D7-5015-4654-BF27-4582E52BFB92}
		{8800CC3A-A57F-411D-BD2D-A85025BA5DD5} = {EFEEC4D7-5015-4654-BF27-4582E52BFB92}
		{69BA2427-E07A-4880-94F5-18E40577F737} = {EFEEC4D7-5015-4654-BF27-4582E52BFB92}
		{6DF1F9B5-F75B-4F53-8F47-5764EAB17876} = {EFEEC4D7-5015-4654-BF27-4582E52BFB92}
		{F8AE3E9B-CDB2-40F4-8982-17B93A411BEF} = {A47D59CC-0268-4385-8896-CE89E5357038}
		{7C954FBC-050D-4FE7-83EB-D176D36C57E1} = {A47D59CC-0268-4385-8896-CE89E5357038}
		{EF575623-E8FB-47EE-8E7E-076D00A95A73} = {A47D59CC-0268-4385-8896-CE89E5357038}
		{D6852D06-9E58-472F-9BE3-02B4EF6C7156} = {A47D59CC-0268-4385-8896-CE89E5357038}
		{64B5AE55-2AFE-41D2-AB17-C53AC513F722} = {F05ABEC9-FAF4-4F4B-B8EF-98B237BB26E8}
	EndGlobalSection
	GlobalSection(ExtensibilityGlobals) = postSolution
		SolutionGuid = {1701F0CB-B6A2-4951-8597-427CE6E44DD8}
	EndGlobalSection
EndGlobal
